<Solution>
  <Folder Name="/docs/" />
  <Folder Name="/docs/Reference/" />
  <Folder Name="/docs/Reference/National/" />
  <Folder Name="/docs/Reference/National/Europe/">
    <File Path="docs/Reference/National/Europe/DeSteuerIdNr.md" />
    <File Path="docs/Reference/National/Europe/EsNif.md" />
    <File Path="docs/Reference/National/Europe/ItCodiceFiscale.md" />
    <File Path="docs/Reference/National/Europe/LuMatricule.md" />
    <File Path="docs/Reference/National/Europe/NoDnummer.md" />
    <File Path="docs/Reference/National/Europe/NoFhnummer.md" />
    <File Path="docs/Reference/National/Europe/NoFoedselsnummer.md" />
    <File Path="docs/Reference/National/Europe/NoHnummer.md" />
    <File Path="docs/Reference/National/Europe/NoIdentityNumber.md" />
    <File Path="docs/Reference/National/Europe/SeIdentityNumber.md" />
    <File Path="docs/Reference/National/Europe/SePersonnummer.md" />
    <File Path="docs/Reference/National/Europe/SeSamordningsnummer.md" />
  </Folder>
  <Folder Name="/Solution Items/">
    <File Path=".editorconfig" />
    <File Path="CONTRIBUTING.md" />
    <File Path="Directory.Build.props" />
    <File Path="LICENSE" />
    <File Path="README.md" />
  </Folder>
  <Folder Name="/src/">
    <Project Path="src/KfAccountNumbers/KfAccountNumbers.csproj" />
  </Folder>
  <Folder Name="/tests/">
    <Project Path="tests/KfAccountNumbers.Tests.Benchmarks/KfAccountNumbers.Tests.Benchmarks.csproj" />
    <Project Path="tests/KfAccountNumbers.Tests.Unit/KfAccountNumbers.Tests.Unit.csproj" />
  </Folder>
</Solution>
