
Microsoft Visual Studio Solution File, Format Version 12.00
# Visual Studio Version 18
VisualStudioVersion = 18.1.11312.151 d18.0
MinimumVisualStudioVersion = 10.0.40219.1
Project("{2150E333-8FDC-42A3-9474-1A3956D46DE8}") = "src", "src", "{672A46B8-7F23-4FCA-89EA-78414E321E56}"
EndProject
Project("{2150E333-8FDC-42A3-9474-1A3956D46DE8}") = "tests", "tests", "{A938EAD7-D44C-4975-B558-1C566DB5459F}"
EndProject
Project("{2150E333-8FDC-42A3-9474-1A3956D46DE8}") = "Solution Items", "Solution Items", "{00063FC6-8EBF-447E-92DC-C71C33CDA6E1}"
	ProjectSection(SolutionItems) = preProject
		LICENSE = LICENSE
		CONTRIBUTING.md = CONTRIBUTING.md
		README.md = README.md
	EndProjectSection
EndProject
Project("{FAE04EC0-301F-11D3-BF4B-00C04F79EFBC}") = "KfAccountNumbers", "src\KfAccountNumbers\KfAccountNumbers.csproj", "{1C267979-E397-4A62-9008-5B0724979A48}"
EndProject
Project("{FAE04EC0-301F-11D3-BF4B-00C04F79EFBC}") = "KfAccountNumbers.Tests.Unit", "tests\KfAccountNumbers.Tests.Unit\KfAccountNumbers.Tests.Unit.csproj", "{ED6624EA-29A5-47C4-B235-2AAB58625AE7}"
EndProject
Project("{FAE04EC0-301F-11D3-BF4B-00C04F79EFBC}") = "KfAccountNumbers.Tests.Benchmarks", "tests\KfAccountNumbers.Tests.Benchmarks\KfAccountNumbers.Tests.Benchmarks.csproj", "{AD7FF00F-148A-408F-B1AA-6CBE3FD381C8}"
EndProject
Global
	GlobalSection(SolutionConfigurationPlatforms) = preSolution
		Debug|Any CPU = Debug|Any CPU
		Release|Any CPU = Release|Any CPU
	EndGlobalSection
	GlobalSection(ProjectConfigurationPlatforms) = postSolution
		{1C267979-E397-4A62-9008-5B0724979A48}.Debug|Any CPU.ActiveCfg = Debug|Any CPU
		{1C267979-E397-4A62-9008-5B0724979A48}.Debug|Any CPU.Build.0 = Debug|Any CPU
		{1C267979-E397-4A62-9008-5B0724979A48}.Release|Any CPU.ActiveCfg = Release|Any CPU
		{1C267979-E397-4A62-9008-5B0724979A48}.Release|Any CPU.Build.0 = Release|Any CPU
		{ED6624EA-29A5-47C4-B235-2AAB58625AE7}.Debug|Any CPU.ActiveCfg = Debug|Any CPU
		{ED6624EA-29A5-47C4-B235-2AAB58625AE7}.Debug|Any CPU.Build.0 = Debug|Any CPU
		{ED6624EA-29A5-47C4-B235-2AAB58625AE7}.Release|Any CPU.ActiveCfg = Release|Any CPU
		{ED6624EA-29A5-47C4-B235-2AAB58625AE7}.Release|Any CPU.Build.0 = Release|Any CPU
		{AD7FF00F-148A-408F-B1AA-6CBE3FD381C8}.Debug|Any CPU.ActiveCfg = Debug|Any CPU
		{AD7FF00F-148A-408F-B1AA-6CBE3FD381C8}.Debug|Any CPU.Build.0 = Debug|Any CPU
		{AD7FF00F-148A-408F-B1AA-6CBE3FD381C8}.Release|Any CPU.ActiveCfg = Release|Any CPU
		{AD7FF00F-148A-408F-B1AA-6CBE3FD381C8}.Release|Any CPU.Build.0 = Release|Any CPU
	EndGlobalSection
	GlobalSection(SolutionProperties) = preSolution
		HideSolutionNode = FALSE
	EndGlobalSection
	GlobalSection(NestedProjects) = preSolution
		{1C267979-E397-4A62-9008-5B0724979A48} = {672A46B8-7F23-4FCA-89EA-78414E321E56}
		{ED6624EA-29A5-47C4-B235-2AAB58625AE7} = {A938EAD7-D44C-4975-B558-1C566DB5459F}
		{AD7FF00F-148A-408F-B1AA-6CBE3FD381C8} = {A938EAD7-D44C-4975-B558-1C566DB5459F}
	EndGlobalSection
	GlobalSection(ExtensibilityGlobals) = postSolution
		SolutionGuid = {E9C9F8A4-FF3D-44CE-B489-542C26D0BF96}
	EndGlobalSection
EndGlobal
